
Microsoft Visual Studio Solution File, Format Version 12.00
# Visual Studio 15
VisualStudioVersion = 15.0.28307.779
MinimumVisualStudioVersion = 10.0.40219.1
Project("{FAE04EC0-301F-11D3-BF4B-00C04F79EFBC}") = "PaymentAPI", "PaymentAPI\PaymentAPI.csproj", "{10CA499B-BBA2-43F4-AB8D-A3C9C31E71B3}"
EndProject
Project("{FAE04EC0-301F-11D3-BF4B-00C04F79EFBC}") = "Utilities", "Utilities\Utilities.csproj", "{2D02E58D-CE49-44CF-A634-45C3D34195F8}"
EndProject
Global
	GlobalSection(SolutionConfigurationPlatforms) = preSolution
		Debug|Any CPU = Debug|Any CPU
		Release|Any CPU = Release|Any CPU
	EndGlobalSection
	GlobalSection(ProjectConfigurationPlatforms) = postSolution
		{10CA499B-BBA2-43F4-AB8D-A3C9C31E71B3}.Debug|Any CPU.ActiveCfg = Debug|Any CPU
		{10CA499B-BBA2-43F4-AB8D-A3C9C31E71B3}.Debug|Any CPU.Build.0 = Debug|Any CPU
		{10CA499B-BBA2-43F4-AB8D-A3C9C31E71B3}.Release|Any CPU.ActiveCfg = Release|Any CPU
		{10CA499B-BBA2-43F4-AB8D-A3C9C31E71B3}.Release|Any CPU.Build.0 = Release|Any CPU
		{2D02E58D-CE49-44CF-A634-45C3D34195F8}.Debug|Any CPU.ActiveCfg = Debug|Any CPU
		{2D02E58D-CE49-44CF-A634-45C3D34195F8}.Debug|Any CPU.Build.0 = Debug|Any CPU
		{2D02E58D-CE49-44CF-A634-45C3D34195F8}.Release|Any CPU.ActiveCfg = Release|Any CPU
		{2D02E58D-CE49-44CF-A634-45C3D34195F8}.Release|Any CPU.Build.0 = Release|Any CPU
	EndGlobalSection
	GlobalSection(SolutionProperties) = preSolution
		HideSolutionNode = FALSE
	EndGlobalSection
	GlobalSection(ExtensibilityGlobals) = postSolution
		SolutionGuid = {5A918957-30F0-4EF5-8AC5-6245FE58EDC7}
	EndGlobalSection
EndGlobal
